<?xml version="1.0" encoding="utf-8"?>
<Project ToolsVersion="4.0" xmlns="http://schemas.microsoft.com/developer/msbuild/2003">
  <ItemGroup>
    <Filter Include="Source Files">
      <UniqueIdentifier>{4FC737F1-C7A5-4376-A066-2A32D752A2FF}</UniqueIdentifier>
      <Extensions>cpp;c;cc;cxx;def;odl;idl;hpj;bat;asm;asmx</Extensions>
    </Filter>
    <Filter Include="Header Files">
      <UniqueIdentifier>{93995380-89BD-4b04-88EB-625FBE52EBFB}</UniqueIdentifier>
      <Extensions>h;hh;hpp;hxx;hm;inl;inc;xsd</Extensions>
    </Filter>
    <Filter Include="Resource Files">
      <UniqueIdentifier>{67DA6AB6-F800-4c08-8B7A-83BB121AAD01}</UniqueIdentifier>
      <Extensions>rc;ico;cur;bmp;dlg;rc2;rct;bin;rgs;gif;jpg;jpeg;jpe;resx;tiff;tif;png;wav;mfcribbon-ms</Extensions>
    </Filter>
    <Filter Include="Source Files\MinHook">
      <UniqueIdentifier>{9079f0a1-efa2-4787-92c2-b60dc78e4cac}</UniqueIdentifier>
    </Filter>
    <Filter Include="Source Files\MinHook\HDE">
      <UniqueIdentifier>{30fc3dcc-3036-48c0-add1-d012faed7a8f}</UniqueIdentifier>
    </Filter>
    <Filter Include="Header Files\MinHook">
      <UniqueIdentifier>{54414350-c19f-4e9f-8488-91a917472bab}</UniqueIdentifier>
    </Filter>
    <Filter Include="Header Files\MinHook\HDE">
      <UniqueIdentifier>{164e6adc-0cbd-4621-a3c1-6d5572d7f873}</UniqueIdentifier>
    </Filter>
    <Filter Include="Header Files\MinHook\include">
      <UniqueIdentifier>{cd768d1e-c16b-4b43-949a-73789840a29f}</UniqueIdentifier>
    </Filter>
    <Filter Include="Source Files\Drawing">
      <UniqueIdentifier>{687a606a-06b7-497d-8e7b-3c3c732ad06a}</UniqueIdentifier>
    </Filter>
    <Filter Include="Header Files\Drawing">
      <UniqueIdentifier>{bb434dac-cabb-476e-a60f-9f48cd05b232}</UniqueIdentifier>
    </Filter>
    <Filter Include="Source Files\Tools">
      <UniqueIdentifier>{bfa9e438-884a-43fe-95d1-73ff573c441c}</UniqueIdentifier>
    </Filter>
    <Filter Include="Header Files\Tools">
      <UniqueIdentifier>{dd78bcd3-cffc-49a1-a8c2-ebc27a908394}</UniqueIdentifier>
    </Filter>
    <Filter Include="Header Files\Globals">
      <UniqueIdentifier>{205d0cbd-bf30-4333-a93c-11dab76b5bab}</UniqueIdentifier>
    </Filter>
    <Filter Include="Source Files\Globals">
      <UniqueIdentifier>{b7341993-85bf-4b39-a124-09269d5cbf21}</UniqueIdentifier>
    </Filter>
    <Filter Include="Source Files\Login">
      <UniqueIdentifier>{5cf721a6-5970-4167-a27b-4585183ae57f}</UniqueIdentifier>
    </Filter>
    <Filter Include="Header Files\Login">
      <UniqueIdentifier>{364a8e2f-6278-4ca2-85cb-ce457ec21385}</UniqueIdentifier>
    </Filter>
  </ItemGroup>
  <ItemGroup>
    <ClInclude Include="dllmain.h">
      <Filter>Header Files</Filter>
    </ClInclude>
    <ClInclude Include="MinHook\src\HDE\hde32.h">
      <Filter>Header Files\MinHook\HDE</Filter>
    </ClInclude>
    <ClInclude Include="MinHook\src\HDE\hde64.h">
      <Filter>Header Files\MinHook\HDE</Filter>
    </ClInclude>
    <ClInclude Include="MinHook\src\HDE\pstdint.h">
      <Filter>Header Files\MinHook\HDE</Filter>
    </ClInclude>
    <ClInclude Include="MinHook\src\HDE\table32.h">
      <Filter>Header Files\MinHook\HDE</Filter>
    </ClInclude>
    <ClInclude Include="MinHook\src\HDE\table64.h">
      <Filter>Header Files\MinHook\HDE</Filter>
    </ClInclude>
    <ClInclude Include="MinHook\src\buffer.h">
      <Filter>Header Files\MinHook</Filter>
    </ClInclude>
    <ClInclude Include="MinHook\src\trampoline.h">
      <Filter>Header Files\MinHook</Filter>
    </ClInclude>
    <ClInclude Include="MinHook\include\MinHook.h">
      <Filter>Header Files\MinHook\include</Filter>
    </ClInclude>
    <ClInclude Include="hooks.h">
      <Filter>Header Files</Filter>
    </ClInclude>
    <ClInclude Include="Drawing\Drawing.h">
      <Filter>Header Files\Drawing</Filter>
    </ClInclude>
    <ClInclude Include="HackTools\HackTools.h">
      <Filter>Header Files\Tools</Filter>
    </ClInclude>
    <ClInclude Include="memoryLoop.h">
      <Filter>Header Files</Filter>
    </ClInclude>
    <ClInclude Include="globalVariables.h">
      <Filter>Header Files</Filter>
    </ClInclude>
    <ClInclude Include="Globals\globalVariables.h">
      <Filter>Header Files\Globals</Filter>
    </ClInclude>
    <ClInclude Include="Login\login.h">
      <Filter>Header Files\Login</Filter>
    </ClInclude>
  </ItemGroup>
  <ItemGroup>
    <ClCompile Include="dllmain.cpp">
      <Filter>Source Files</Filter>
    </ClCompile>
    <ClCompile Include="MinHook\src\HDE\hde32.c">
      <Filter>Source Files\MinHook\HDE</Filter>
    </ClCompile>
    <ClCompile Include="MinHook\src\HDE\hde64.c">
      <Filter>Source Files\MinHook\HDE</Filter>
    </ClCompile>
    <ClCompile Include="MinHook\src\buffer.c">
      <Filter>Source Files\MinHook</Filter>
    </ClCompile>
    <ClCompile Include="MinHook\src\hook.c">
      <Filter>Source Files\MinHook</Filter>
    </ClCompile>
    <ClCompile Include="MinHook\src\trampoline.c">
      <Filter>Source Files\MinHook</Filter>
    </ClCompile>
    <ClCompile Include="Drawing\Drawing.cpp">
      <Filter>Source Files\Drawing</Filter>
    </ClCompile>
    <ClCompile Include="Drawing\hooks.cpp">
      <Filter>Source Files</Filter>
    </ClCompile>
    <ClCompile Include="HackTools\HackTools.cpp">
      <Filter>Source Files\Tools</Filter>
    </ClCompile>
    <ClCompile Include="memoryLoop.cpp">
      <Filter>Source Files</Filter>
    </ClCompile>
    <ClCompile Include="Globals\globalVariables.cpp">
      <Filter>Source Files\Globals</Filter>
    </ClCompile>
    <ClCompile Include="Login\login.cpp">
      <Filter>Source Files\Login</Filter>
    </ClCompile>
  </ItemGroup>
  <ItemGroup>
    <Text Include="Test.txt">
      <Filter>Resource Files</Filter>
    </Text>
  </ItemGroup>
  <ItemGroup>
    <EmbeddedResource Include="Resource.resx">
      <Filter>Resource Files</Filter>
    </EmbeddedResource>
  </ItemGroup>
</Project>